# THIS IS AN AUTOGENERATED FILE. DO NOT EDIT THIS FILE DIRECTLY.
# yarn lockfile v1


cross-fetch@^3.0.5:
  version "3.0.5"
  resolved "https://registry.yarnpkg.com/cross-fetch/-/cross-fetch-3.0.5.tgz#2739d2981892e7ab488a7ad03b92df2816e03f4c"
  integrity sha512-FFLcLtraisj5eteosnX1gf01qYDCOc4fDy0+euOt8Kn9YBY2NtXL/pCoYPavw24NIQkQqm5ZOLsGD5Zzj0gyew==
  dependencies:
    node-fetch "2.6.0"

escape-html@1.0.3:
  version "1.0.3"
  resolved "https://registry.yarnpkg.com/escape-html/-/escape-html-1.0.3.tgz#0258eae4d3d0c0974de1c169188ef0051d1d1988"
  integrity sha1-Aljq5NPQwJdN4cFpGI7wBR0dGYg=

liquidjs@^9.15.0:
  version "9.15.0"
  resolved "https://registry.yarnpkg.com/liquidjs/-/liquidjs-9.15.0.tgz#03e8c13aeda89801a346c614b0802f320458d0ac"
  integrity sha512-wRPNfMx6X3GGEDqTlBpw7VMo8ylKkzLYTcd7eeaDeYnZyR5BqUgF9tZy3FdPCHV2N/BassGKmlmlpJiRXGFOqg==

node-fetch@2.6.0:
  version "2.6.0"
  resolved "https://registry.yarnpkg.com/node-fetch/-/node-fetch-2.6.0.tgz#e633456386d4aa55863f676a7ab0daa8fdecb0fd"
  integrity sha512-8dG4H5ujfvFiqDmVu9fQ5bOHUC15JMjMY/Zumv26oOvvVJjM67KF8koCWIabKQ1GJIa9r2mMZscBq/TbdOcmNA==

prismic-dom@^2.2.3:
  version "2.2.3"
  resolved "https://registry.yarnpkg.com/prismic-dom/-/prismic-dom-2.2.3.tgz#803925eebe58a4dd147529f50b71c0853eb3d744"
  integrity sha512-7jwRBbqkll9BPkS4QAQttRaENmAWR9s4PWGGmi7ifobs1J0kYDCrn8PxJ99cywQJQea0jWgAVzOfJhkMmIF8wQ==
  dependencies:
    escape-html "1.0.3"
    prismic-helpers "^1.0.3"
    prismic-richtext "^1.0.3"

prismic-helpers@^1.0.3:
  version "1.0.3"
  resolved "https://registry.yarnpkg.com/prismic-helpers/-/prismic-helpers-1.0.3.tgz#cc1aa184f8791ed6b0a1775a9eb68a74a83f741e"
  integrity sha512-eGCSflFwsWeXe7BdqWWGjjoaq1SPr61Y55xIUkgYumKFmfJsK9TVcSkRp0rdwW0hGnnDSRvjJwIo2kkDwG7KxA==

prismic-javascript@^3.0.2:
  version "3.0.2"
  resolved "https://registry.yarnpkg.com/prismic-javascript/-/prismic-javascript-3.0.2.tgz#a6dcc98014a2bbcc6232954d9295b56cde453390"
  integrity sha512-9RpituEVE/eZAlj+vUVy61z2IQJdL0zRYuy+IHdiUA7/37zoiCE/Z0AbI0zAWyi5UDXizgQ2TuQTLkOm62KGwA==
  dependencies:
    cross-fetch "^3.0.5"

prismic-richtext@^1.0.3:
  version "1.0.3"
  resolved "https://registry.yarnpkg.com/prismic-richtext/-/prismic-richtext-1.0.3.tgz#ce8c8c18d65b01f1036f222b993ad2de700199fe"
  integrity sha512-ZM45dVPL713+oDpt8ysWRY2pw3esBxRrqBlUO+q/T0WK0SNVSq29tQYhVdIALd8hRfF7X1lfpW0Q0YymEdh0AA==
  dependencies:
    ramda "^0.26.1"
    uuid "^3.3.2"

ramda@^0.26.1:
  version "0.26.1"
  resolved "https://registry.yarnpkg.com/ramda/-/ramda-0.26.1.tgz#8d41351eb8111c55353617fc3bbffad8e4d35d06"
  integrity sha512-hLWjpy7EnsDBb0p+Z3B7rPi3GDeRG5ZtiI33kJhTt+ORCd38AbAIjB/9zRIUoeTbE/AVX5ZkU7m6bznsvrf8eQ==

uuid@^3.3.2:
  version "3.4.0"
  resolved "https://registry.yarnpkg.com/uuid/-/uuid-3.4.0.tgz#b23e4358afa8a202fe7a100af1f5f883f02007ee"
  integrity sha512-HjSDRw6gZE5JMggctHBcjVak08+KEVhSIiDzFnT9S9aegmp85S/bReBVTb4QTFaRNptJ9kuYaNhnbNEOkbKb/A==
